
Microsoft Visual Studio Solution File, Format Version 12.00
# Visual Studio Version 17
VisualStudioVersion = 17.7.34031.279
MinimumVisualStudioVersion = 10.0.40219.1
Project("{9A19103F-16F7-4668-BE54-9A1E7A4F7556}") = "WinForms App", "WinForms App\WinForms App.csproj", "{475C882C-9943-425A-B5A3-C658FBAD97D7}"
EndProject
Project("{9A19103F-16F7-4668-BE54-9A1E7A4F7556}") = "UtilsLibrary", "..\UtilsLibrary\UtilsLibrary.csproj", "{ADEFAAC1-B816-4284-B8B8-9BC7F6AB049C}"
EndProject
Global
	GlobalSection(SolutionConfigurationPlatforms) = preSolution
		Debug|Any CPU = Debug|Any CPU
		Release|Any CPU = Release|Any CPU
	EndGlobalSection
	GlobalSection(ProjectConfigurationPlatforms) = postSolution
		{475C882C-9943-425A-B5A3-C658FBAD97D7}.Debug|Any CPU.ActiveCfg = Debug|Any CPU
		{475C882C-9943-425A-B5A3-C658FBAD97D7}.Debug|Any CPU.Build.0 = Debug|Any CPU
		{475C882C-9943-425A-B5A3-C658FBAD97D7}.Release|Any CPU.ActiveCfg = Release|Any CPU
		{475C882C-9943-425A-B5A3-C658FBAD97D7}.Release|Any CPU.Build.0 = Release|Any CPU
		{ADEFAAC1-B816-4284-B8B8-9BC7F6AB049C}.Debug|Any CPU.ActiveCfg = Debug|Any CPU
		{ADEFAAC1-B816-4284-B8B8-9BC7F6AB049C}.Debug|Any CPU.Build.0 = Debug|Any CPU
		{ADEFAAC1-B816-4284-B8B8-9BC7F6AB049C}.Release|Any CPU.ActiveCfg = Release|Any CPU
		{ADEFAAC1-B816-4284-B8B8-9BC7F6AB049C}.Release|Any CPU.Build.0 = Release|Any CPU
	EndGlobalSection
	GlobalSection(SolutionProperties) = preSolution
		HideSolutionNode = FALSE
	EndGlobalSection
	GlobalSection(ExtensibilityGlobals) = postSolution
		SolutionGuid = {64BA745A-1C03-4188-8DC7-D0038126BF37}
	EndGlobalSection
EndGlobal
