
Microsoft Visual Studio Solution File, Format Version 12.00
# Visual Studio Version 17
VisualStudioVersion = 17.7.34202.233
MinimumVisualStudioVersion = 10.0.40219.1
Project("{FAE04EC0-301F-11D3-BF4B-00C04F79EFBC}") = "Mine Fields", "Mine Fields\Mine Fields.csproj", "{0D742E38-79EC-4EF0-8F17-6CF3B7B8D451}"
EndProject
Project("{FAE04EC0-301F-11D3-BF4B-00C04F79EFBC}") = "Mine Fields.Tests", "Mine Fields.Tests\Mine Fields.Tests.csproj", "{A5A2C66E-2383-49CD-9FC6-B50EDA1E3868}"
EndProject
Global
	GlobalSection(SolutionConfigurationPlatforms) = preSolution
		Debug|Any CPU = Debug|Any CPU
		Release|Any CPU = Release|Any CPU
	EndGlobalSection
	GlobalSection(ProjectConfigurationPlatforms) = postSolution
		{0D742E38-79EC-4EF0-8F17-6CF3B7B8D451}.Debug|Any CPU.ActiveCfg = Debug|Any CPU
		{0D742E38-79EC-4EF0-8F17-6CF3B7B8D451}.Debug|Any CPU.Build.0 = Debug|Any CPU
		{0D742E38-79EC-4EF0-8F17-6CF3B7B8D451}.Release|Any CPU.ActiveCfg = Release|Any CPU
		{0D742E38-79EC-4EF0-8F17-6CF3B7B8D451}.Release|Any CPU.Build.0 = Release|Any CPU
		{A5A2C66E-2383-49CD-9FC6-B50EDA1E3868}.Debug|Any CPU.ActiveCfg = Debug|Any CPU
		{A5A2C66E-2383-49CD-9FC6-B50EDA1E3868}.Debug|Any CPU.Build.0 = Debug|Any CPU
		{A5A2C66E-2383-49CD-9FC6-B50EDA1E3868}.Release|Any CPU.ActiveCfg = Release|Any CPU
		{A5A2C66E-2383-49CD-9FC6-B50EDA1E3868}.Release|Any CPU.Build.0 = Release|Any CPU
	EndGlobalSection
	GlobalSection(SolutionProperties) = preSolution
		HideSolutionNode = FALSE
	EndGlobalSection
	GlobalSection(ExtensibilityGlobals) = postSolution
		SolutionGuid = {BDF72796-66B8-46C5-99D0-2E5C6E234B29}
	EndGlobalSection
EndGlobal
