
Microsoft Visual Studio Solution File, Format Version 12.00
# Visual Studio Version 17
VisualStudioVersion = 17.7.34031.279
MinimumVisualStudioVersion = 10.0.40219.1
Project("{9A19103F-16F7-4668-BE54-9A1E7A4F7556}") = "Console App", "Console App\Console App.csproj", "{72DCC6DD-3641-4432-8C40-3B2045D1C9BD}"
EndProject
Project("{9A19103F-16F7-4668-BE54-9A1E7A4F7556}") = "UtilsLibrary", "..\UtilsLibrary\UtilsLibrary.csproj", "{2D1410B3-D918-43AA-AA90-FC3A8A813852}"
EndProject
Global
	GlobalSection(SolutionConfigurationPlatforms) = preSolution
		Debug|Any CPU = Debug|Any CPU
		Release|Any CPU = Release|Any CPU
	EndGlobalSection
	GlobalSection(ProjectConfigurationPlatforms) = postSolution
		{72DCC6DD-3641-4432-8C40-3B2045D1C9BD}.Debug|Any CPU.ActiveCfg = Debug|Any CPU
		{72DCC6DD-3641-4432-8C40-3B2045D1C9BD}.Debug|Any CPU.Build.0 = Debug|Any CPU
		{72DCC6DD-3641-4432-8C40-3B2045D1C9BD}.Release|Any CPU.ActiveCfg = Release|Any CPU
		{72DCC6DD-3641-4432-8C40-3B2045D1C9BD}.Release|Any CPU.Build.0 = Release|Any CPU
		{2D1410B3-D918-43AA-AA90-FC3A8A813852}.Debug|Any CPU.ActiveCfg = Debug|Any CPU
		{2D1410B3-D918-43AA-AA90-FC3A8A813852}.Debug|Any CPU.Build.0 = Debug|Any CPU
		{2D1410B3-D918-43AA-AA90-FC3A8A813852}.Release|Any CPU.ActiveCfg = Release|Any CPU
		{2D1410B3-D918-43AA-AA90-FC3A8A813852}.Release|Any CPU.Build.0 = Release|Any CPU
	EndGlobalSection
	GlobalSection(SolutionProperties) = preSolution
		HideSolutionNode = FALSE
	EndGlobalSection
	GlobalSection(ExtensibilityGlobals) = postSolution
		SolutionGuid = {F3DCFB69-D644-48B7-9354-E586D8B351F4}
	EndGlobalSection
EndGlobal
