
Microsoft Visual Studio Solution File, Format Version 12.00
# Visual Studio Version 17
VisualStudioVersion = 17.8.34309.116
MinimumVisualStudioVersion = 10.0.40219.1
Project("{9A19103F-16F7-4668-BE54-9A1E7A4F7556}") = "Web API", "Web API\Web API.csproj", "{9E1B6C28-9779-4BCE-BA85-6AA193F77BB9}"
EndProject
Project("{FAE04EC0-301F-11D3-BF4B-00C04F79EFBC}") = "REST Client Tests", "REST Client Tests\REST Client Tests.csproj", "{03BC7E67-059E-40E9-9798-70A19D300218}"
EndProject
Global
	GlobalSection(SolutionConfigurationPlatforms) = preSolution
		Debug|Any CPU = Debug|Any CPU
		Release|Any CPU = Release|Any CPU
	EndGlobalSection
	GlobalSection(ProjectConfigurationPlatforms) = postSolution
		{9E1B6C28-9779-4BCE-BA85-6AA193F77BB9}.Debug|Any CPU.ActiveCfg = Debug|Any CPU
		{9E1B6C28-9779-4BCE-BA85-6AA193F77BB9}.Debug|Any CPU.Build.0 = Debug|Any CPU
		{9E1B6C28-9779-4BCE-BA85-6AA193F77BB9}.Release|Any CPU.ActiveCfg = Release|Any CPU
		{9E1B6C28-9779-4BCE-BA85-6AA193F77BB9}.Release|Any CPU.Build.0 = Release|Any CPU
		{03BC7E67-059E-40E9-9798-70A19D300218}.Debug|Any CPU.ActiveCfg = Debug|Any CPU
		{03BC7E67-059E-40E9-9798-70A19D300218}.Debug|Any CPU.Build.0 = Debug|Any CPU
		{03BC7E67-059E-40E9-9798-70A19D300218}.Release|Any CPU.ActiveCfg = Release|Any CPU
		{03BC7E67-059E-40E9-9798-70A19D300218}.Release|Any CPU.Build.0 = Release|Any CPU
	EndGlobalSection
	GlobalSection(SolutionProperties) = preSolution
		HideSolutionNode = FALSE
	EndGlobalSection
	GlobalSection(ExtensibilityGlobals) = postSolution
		SolutionGuid = {0CCF9A99-05CE-4EF6-A5A3-238A36D83941}
	EndGlobalSection
EndGlobal
