
Microsoft Visual Studio Solution File, Format Version 12.00
# Visual Studio Version 17
VisualStudioVersion = 17.7.34202.233
MinimumVisualStudioVersion = 10.0.40219.1
Project("{9A19103F-16F7-4668-BE54-9A1E7A4F7556}") = "Task 1 Binary serialization", "Task 1 Binary serialization\Task 1 Binary serialization.csproj", "{3CCD18A7-4C10-4069-8688-36E00D9A8001}"
EndProject
Project("{9A19103F-16F7-4668-BE54-9A1E7A4F7556}") = "Task 1 XML serialization", "Task 1 XML serialization\Task 1 XML serialization.csproj", "{E3C3C2D7-63A7-44B9-915F-2AA396BE4C6C}"
EndProject
Project("{9A19103F-16F7-4668-BE54-9A1E7A4F7556}") = "Task 1 Json serialization", "Task 1 Json serialization\Task 1 Json serialization.csproj", "{5718B90E-A48A-496C-903D-B6B253B69994}"
EndProject
Project("{9A19103F-16F7-4668-BE54-9A1E7A4F7556}") = "Task 2 Custom binary serializer", "Task 2 Custom binary serializer\Task 2 Custom binary serializer.csproj", "{47EF2905-7F5E-4D6E-8617-2A471E3FF357}"
EndProject
Project("{FAE04EC0-301F-11D3-BF4B-00C04F79EFBC}") = "Task 3 Deep cloning", "Task 3 Deep cloning\Task 3 Deep cloning.csproj", "{E8D109A1-6E12-4409-A756-8F2D0AFAB104}"
EndProject
Global
	GlobalSection(SolutionConfigurationPlatforms) = preSolution
		Debug|Any CPU = Debug|Any CPU
		Release|Any CPU = Release|Any CPU
	EndGlobalSection
	GlobalSection(ProjectConfigurationPlatforms) = postSolution
		{3CCD18A7-4C10-4069-8688-36E00D9A8001}.Debug|Any CPU.ActiveCfg = Debug|Any CPU
		{3CCD18A7-4C10-4069-8688-36E00D9A8001}.Debug|Any CPU.Build.0 = Debug|Any CPU
		{3CCD18A7-4C10-4069-8688-36E00D9A8001}.Release|Any CPU.ActiveCfg = Release|Any CPU
		{3CCD18A7-4C10-4069-8688-36E00D9A8001}.Release|Any CPU.Build.0 = Release|Any CPU
		{E3C3C2D7-63A7-44B9-915F-2AA396BE4C6C}.Debug|Any CPU.ActiveCfg = Debug|Any CPU
		{E3C3C2D7-63A7-44B9-915F-2AA396BE4C6C}.Debug|Any CPU.Build.0 = Debug|Any CPU
		{E3C3C2D7-63A7-44B9-915F-2AA396BE4C6C}.Release|Any CPU.ActiveCfg = Release|Any CPU
		{E3C3C2D7-63A7-44B9-915F-2AA396BE4C6C}.Release|Any CPU.Build.0 = Release|Any CPU
		{5718B90E-A48A-496C-903D-B6B253B69994}.Debug|Any CPU.ActiveCfg = Debug|Any CPU
		{5718B90E-A48A-496C-903D-B6B253B69994}.Debug|Any CPU.Build.0 = Debug|Any CPU
		{5718B90E-A48A-496C-903D-B6B253B69994}.Release|Any CPU.ActiveCfg = Release|Any CPU
		{5718B90E-A48A-496C-903D-B6B253B69994}.Release|Any CPU.Build.0 = Release|Any CPU
		{47EF2905-7F5E-4D6E-8617-2A471E3FF357}.Debug|Any CPU.ActiveCfg = Debug|Any CPU
		{47EF2905-7F5E-4D6E-8617-2A471E3FF357}.Debug|Any CPU.Build.0 = Debug|Any CPU
		{47EF2905-7F5E-4D6E-8617-2A471E3FF357}.Release|Any CPU.ActiveCfg = Release|Any CPU
		{47EF2905-7F5E-4D6E-8617-2A471E3FF357}.Release|Any CPU.Build.0 = Release|Any CPU
		{E8D109A1-6E12-4409-A756-8F2D0AFAB104}.Debug|Any CPU.ActiveCfg = Debug|Any CPU
		{E8D109A1-6E12-4409-A756-8F2D0AFAB104}.Debug|Any CPU.Build.0 = Debug|Any CPU
		{E8D109A1-6E12-4409-A756-8F2D0AFAB104}.Release|Any CPU.ActiveCfg = Release|Any CPU
		{E8D109A1-6E12-4409-A756-8F2D0AFAB104}.Release|Any CPU.Build.0 = Release|Any CPU
	EndGlobalSection
	GlobalSection(SolutionProperties) = preSolution
		HideSolutionNode = FALSE
	EndGlobalSection
	GlobalSection(ExtensibilityGlobals) = postSolution
		SolutionGuid = {E9B8A04F-E32E-461F-B02A-A9DD95A96FB3}
	EndGlobalSection
EndGlobal
